
Microsoft Visual Studio Solution File, Format Version 12.00
# Visual Studio Version 17
VisualStudioVersion = 17.13.35806.99 d17.13
MinimumVisualStudioVersion = 10.0.40219.1
Project("{FAE04EC0-301F-11D3-BF4B-00C04F79EFBC}") = "admission", "admission.csproj", "{707C5808-BC20-4539-9E7F-DA15D4235C28}"
EndProject
Project("{FAE04EC0-301F-11D3-BF4B-00C04F79EFBC}") = "Task1", "..\ConsoleApp2\Task1\Task1.csproj", "{4B56DBA0-130F-29EB-39BF-3EDBF59801F2}"
EndProject
Project("{FAE04EC0-301F-11D3-BF4B-00C04F79EFBC}") = "Task2", "..\ConsoleApp2\Task2\Task2.csproj", "{07180379-A04C-ADB9-DCED-4A5C15D9CF97}"
EndProject
Project("{FAE04EC0-301F-11D3-BF4B-00C04F79EFBC}") = "Task3", "..\ConsoleApp2\Task3\Task3.csproj", "{8E857376-6E8A-98F5-3C1B-A242E27863F5}"
EndProject
Global
	GlobalSection(SolutionConfigurationPlatforms) = preSolution
		Debug|Any CPU = Debug|Any CPU
		Release|Any CPU = Release|Any CPU
	EndGlobalSection
	GlobalSection(ProjectConfigurationPlatforms) = postSolution
		{707C5808-BC20-4539-9E7F-DA15D4235C28}.Debug|Any CPU.ActiveCfg = Debug|Any CPU
		{707C5808-BC20-4539-9E7F-DA15D4235C28}.Debug|Any CPU.Build.0 = Debug|Any CPU
		{707C5808-BC20-4539-9E7F-DA15D4235C28}.Release|Any CPU.ActiveCfg = Release|Any CPU
		{707C5808-BC20-4539-9E7F-DA15D4235C28}.Release|Any CPU.Build.0 = Release|Any CPU
		{4B56DBA0-130F-29EB-39BF-3EDBF59801F2}.Debug|Any CPU.ActiveCfg = Debug|Any CPU
		{4B56DBA0-130F-29EB-39BF-3EDBF59801F2}.Debug|Any CPU.Build.0 = Debug|Any CPU
		{4B56DBA0-130F-29EB-39BF-3EDBF59801F2}.Release|Any CPU.ActiveCfg = Release|Any CPU
		{4B56DBA0-130F-29EB-39BF-3EDBF59801F2}.Release|Any CPU.Build.0 = Release|Any CPU
		{07180379-A04C-ADB9-DCED-4A5C15D9CF97}.Debug|Any CPU.ActiveCfg = Debug|Any CPU
		{07180379-A04C-ADB9-DCED-4A5C15D9CF97}.Debug|Any CPU.Build.0 = Debug|Any CPU
		{07180379-A04C-ADB9-DCED-4A5C15D9CF97}.Release|Any CPU.ActiveCfg = Release|Any CPU
		{07180379-A04C-ADB9-DCED-4A5C15D9CF97}.Release|Any CPU.Build.0 = Release|Any CPU
		{8E857376-6E8A-98F5-3C1B-A242E27863F5}.Debug|Any CPU.ActiveCfg = Debug|Any CPU
		{8E857376-6E8A-98F5-3C1B-A242E27863F5}.Debug|Any CPU.Build.0 = Debug|Any CPU
		{8E857376-6E8A-98F5-3C1B-A242E27863F5}.Release|Any CPU.ActiveCfg = Release|Any CPU
		{8E857376-6E8A-98F5-3C1B-A242E27863F5}.Release|Any CPU.Build.0 = Release|Any CPU
	EndGlobalSection
	GlobalSection(SolutionProperties) = preSolution
		HideSolutionNode = FALSE
	EndGlobalSection
	GlobalSection(ExtensibilityGlobals) = postSolution
		SolutionGuid = {7AEC15A6-4D8F-45F9-9A6C-FC92F494A51E}
	EndGlobalSection
EndGlobal
